
Microsoft Visual Studio Solution File, Format Version 12.00
# Visual Studio Version 16
VisualStudioVersion = 16.0.30709.132
MinimumVisualStudioVersion = 10.0.40219.1
Project("{FAE04EC0-301F-11D3-BF4B-00C04F79EFBC}") = "pipeline", "pipeline\pipeline.csproj", "{223EF504-FDA3-4CE1-8CBF-7C9A5BA1C4F5}"
EndProject
Global
	GlobalSection(SolutionConfigurationPlatforms) = preSolution
		Debug|Any CPU = Debug|Any CPU
		Release|Any CPU = Release|Any CPU
	EndGlobalSection
	GlobalSection(ProjectConfigurationPlatforms) = postSolution
		{223EF504-FDA3-4CE1-8CBF-7C9A5BA1C4F5}.Debug|Any CPU.ActiveCfg = Debug|Any CPU
		{223EF504-FDA3-4CE1-8CBF-7C9A5BA1C4F5}.Debug|Any CPU.Build.0 = Debug|Any CPU
		{223EF504-FDA3-4CE1-8CBF-7C9A5BA1C4F5}.Release|Any CPU.ActiveCfg = Release|Any CPU
		{223EF504-FDA3-4CE1-8CBF-7C9A5BA1C4F5}.Release|Any CPU.Build.0 = Release|Any CPU
	EndGlobalSection
	GlobalSection(SolutionProperties) = preSolution
		HideSolutionNode = FALSE
	EndGlobalSection
	GlobalSection(ExtensibilityGlobals) = postSolution
		SolutionGuid = {2BBFC835-DA00-4F62-BB32-3FD9F3130559}
	EndGlobalSection
EndGlobal
